
Microsoft Visual Studio Solution File, Format Version 12.00
# Visual Studio Version 17
VisualStudioVersion = 17.10.34928.147
MinimumVisualStudioVersion = 10.0.40219.1
Project("{FAE04EC0-301F-11D3-BF4B-00C04F79EFBC}") = "ContainerVervoerKarlijnS2", "ContainerVervoerKarlijnS2\ContainerVervoerKarlijnS2.csproj", "{7EEA9038-5662-4199-9856-A7585CD0F730}"
EndProject
Project("{FAE04EC0-301F-11D3-BF4B-00C04F79EFBC}") = "ContainerVervoerTests", "ContainerVervoerTests\ContainerVervoerTests.csproj", "{06D037C2-1CF0-4306-9913-9516631BDB75}"
EndProject
Global
	GlobalSection(SolutionConfigurationPlatforms) = preSolution
		Debug|Any CPU = Debug|Any CPU
		Release|Any CPU = Release|Any CPU
	EndGlobalSection
	GlobalSection(ProjectConfigurationPlatforms) = postSolution
		{7EEA9038-5662-4199-9856-A7585CD0F730}.Debug|Any CPU.ActiveCfg = Debug|Any CPU
		{7EEA9038-5662-4199-9856-A7585CD0F730}.Debug|Any CPU.Build.0 = Debug|Any CPU
		{7EEA9038-5662-4199-9856-A7585CD0F730}.Release|Any CPU.ActiveCfg = Release|Any CPU
		{7EEA9038-5662-4199-9856-A7585CD0F730}.Release|Any CPU.Build.0 = Release|Any CPU
		{06D037C2-1CF0-4306-9913-9516631BDB75}.Debug|Any CPU.ActiveCfg = Debug|Any CPU
		{06D037C2-1CF0-4306-9913-9516631BDB75}.Debug|Any CPU.Build.0 = Debug|Any CPU
		{06D037C2-1CF0-4306-9913-9516631BDB75}.Release|Any CPU.ActiveCfg = Release|Any CPU
		{06D037C2-1CF0-4306-9913-9516631BDB75}.Release|Any CPU.Build.0 = Release|Any CPU
	EndGlobalSection
	GlobalSection(SolutionProperties) = preSolution
		HideSolutionNode = FALSE
	EndGlobalSection
	GlobalSection(ExtensibilityGlobals) = postSolution
		SolutionGuid = {B1BC2875-B035-4872-8CE8-1E75C241AAE8}
	EndGlobalSection
EndGlobal
